<?xml version="1.0" encoding="utf-8"?>
<Project ToolsVersion="4.0" xmlns="http://schemas.microsoft.com/developer/msbuild/2003">
  <ItemGroup>
    <Filter Include="Source Files">
      <UniqueIdentifier>{4FC737F1-C7A5-4376-A066-2A32D752A2FF}</UniqueIdentifier>
      <Extensions>cpp;c;cc;cxx;c++;cppm;ixx;def;odl;idl;hpj;bat;asm;asmx</Extensions>
    </Filter>
    <Filter Include="Header Files">
      <UniqueIdentifier>{93995380-89BD-4b04-88EB-625FBE52EBFB}</UniqueIdentifier>
      <Extensions>h;hh;hpp;hxx;h++;hm;inl;inc;ipp;xsd</Extensions>
    </Filter>
    <Filter Include="Resource Files">
      <UniqueIdentifier>{67DA6AB6-F800-4c08-8B7A-83BB121AAD01}</UniqueIdentifier>
      <Extensions>rc;ico;cur;bmp;dlg;rc2;rct;bin;rgs;gif;jpg;jpeg;jpe;resx;tiff;tif;png;wav;mfcribbon-ms</Extensions>
    </Filter>
    <Filter Include="Source Files\Memory">
      <UniqueIdentifier>{8301ffdd-4924-468b-84c8-2ce34dcffe40}</UniqueIdentifier>
    </Filter>
    <Filter Include="Header Files\Memory">
      <UniqueIdentifier>{98dea480-0848-4c20-902d-03d62d8221d9}</UniqueIdentifier>
    </Filter>
  </ItemGroup>
  <ItemGroup>
    <ClInclude Include="all.h">
      <Filter>Header Files\Memory</Filter>
    </ClInclude>
    <ClInclude Include="fwddec.h">
      <Filter>Header Files\Memory</Filter>
    </ClInclude>
    <ClInclude Include="handle.h">
      <Filter>Header Files\Memory</Filter>
    </ClInclude>
    <ClInclude Include="sig_scanner.h">
      <Filter>Header Files\Memory</Filter>
    </ClInclude>
    <ClInclude Include="module.h">
      <Filter>Header Files\Memory</Filter>
    </ClInclude>
    <ClInclude Include="pattern.h">
      <Filter>Header Files\Memory</Filter>
    </ClInclude>
    <ClInclude Include="pattern_batch.h">
      <Filter>Header Files\Memory</Filter>
    </ClInclude>
    <ClInclude Include="range.h">
      <Filter>Header Files\Memory</Filter>
    </ClInclude>
  </ItemGroup>
  <ItemGroup>
    <ClCompile Include="module.cpp">
      <Filter>Source Files\Memory</Filter>
    </ClCompile>
    <ClCompile Include="pattern.cpp">
      <Filter>Source Files\Memory</Filter>
    </ClCompile>
    <ClCompile Include="pattern_batch.cpp">
      <Filter>Source Files\Memory</Filter>
    </ClCompile>
    <ClCompile Include="range.cpp">
      <Filter>Source Files\Memory</Filter>
    </ClCompile>
  </ItemGroup>
</Project>